
Microsoft Visual Studio Solution File, Format Version 12.00
# Visual Studio 14
VisualStudioVersion = 14.0.25420.1
MinimumVisualStudioVersion = 10.0.40219.1
Project("{FAE04EC0-301F-11D3-BF4B-00C04F79EFBC}") = "etalon-crm-web", "etalon-crm-web\etalon-crm-web.csproj", "{2E4D381E-4F1E-401B-A929-E03DDA1B24C6}"
EndProject
Project("{00D1A9C2-B5F0-4AF3-8072-F6C62B433612}") = "etalon-crm-db", "etalon-crm-db\etalon-crm-db.sqlproj", "{F593DF03-9069-4EFB-9326-8169ECC3104B}"
EndProject
Global
	GlobalSection(SolutionConfigurationPlatforms) = preSolution
		Debug|Any CPU = Debug|Any CPU
		Release|Any CPU = Release|Any CPU
	EndGlobalSection
	GlobalSection(ProjectConfigurationPlatforms) = postSolution
		{2E4D381E-4F1E-401B-A929-E03DDA1B24C6}.Debug|Any CPU.ActiveCfg = Debug|Any CPU
		{2E4D381E-4F1E-401B-A929-E03DDA1B24C6}.Debug|Any CPU.Build.0 = Debug|Any CPU
		{2E4D381E-4F1E-401B-A929-E03DDA1B24C6}.Release|Any CPU.ActiveCfg = Release|Any CPU
		{2E4D381E-4F1E-401B-A929-E03DDA1B24C6}.Release|Any CPU.Build.0 = Release|Any CPU
		{F593DF03-9069-4EFB-9326-8169ECC3104B}.Debug|Any CPU.ActiveCfg = Debug|Any CPU
		{F593DF03-9069-4EFB-9326-8169ECC3104B}.Debug|Any CPU.Build.0 = Debug|Any CPU
		{F593DF03-9069-4EFB-9326-8169ECC3104B}.Debug|Any CPU.Deploy.0 = Debug|Any CPU
		{F593DF03-9069-4EFB-9326-8169ECC3104B}.Release|Any CPU.ActiveCfg = Release|Any CPU
		{F593DF03-9069-4EFB-9326-8169ECC3104B}.Release|Any CPU.Build.0 = Release|Any CPU
		{F593DF03-9069-4EFB-9326-8169ECC3104B}.Release|Any CPU.Deploy.0 = Release|Any CPU
	EndGlobalSection
	GlobalSection(SolutionProperties) = preSolution
		HideSolutionNode = FALSE
	EndGlobalSection
EndGlobal
